
Microsoft Visual Studio Solution File, Format Version 12.00
# Visual Studio Version 17
VisualStudioVersion = 17.10.34928.147
MinimumVisualStudioVersion = 10.0.40219.1
Project("{FAE04EC0-301F-11D3-BF4B-00C04F79EFBC}") = "1. WindowlessTrayApp", "WindowlessTrayApp\1. WindowlessTrayApp.csproj", "{05B21D4F-5703-4B3D-9FFE-F672D8518B8B}"
EndProject
Project("{FAE04EC0-301F-11D3-BF4B-00C04F79EFBC}") = "2. WinFormTrayApp", "WinFormTrayApp\2. WinFormTrayApp.csproj", "{59808935-74C9-4CD2-A73A-11CAE5B1DF4C}"
EndProject
Project("{FAE04EC0-301F-11D3-BF4B-00C04F79EFBC}") = "3. WPFTrayApp", "WPFTrayApp\3. WPFTrayApp.csproj", "{5BF08CC1-FD71-4EB4-B79E-2D87ED841934}"
EndProject
Project("{FAE04EC0-301F-11D3-BF4B-00C04F79EFBC}") = "Cinchoo.Core", "..\..\src\Cinchoo.Core.csproj", "{3F1EC1AF-286B-42EE-8A96-7E5B0E911276}"
EndProject
Global
	GlobalSection(SolutionConfigurationPlatforms) = preSolution
		Debug|Any CPU = Debug|Any CPU
		Release|Any CPU = Release|Any CPU
	EndGlobalSection
	GlobalSection(ProjectConfigurationPlatforms) = postSolution
		{05B21D4F-5703-4B3D-9FFE-F672D8518B8B}.Debug|Any CPU.ActiveCfg = Debug|Any CPU
		{05B21D4F-5703-4B3D-9FFE-F672D8518B8B}.Debug|Any CPU.Build.0 = Debug|Any CPU
		{05B21D4F-5703-4B3D-9FFE-F672D8518B8B}.Release|Any CPU.ActiveCfg = Release|Any CPU
		{05B21D4F-5703-4B3D-9FFE-F672D8518B8B}.Release|Any CPU.Build.0 = Release|Any CPU
		{59808935-74C9-4CD2-A73A-11CAE5B1DF4C}.Debug|Any CPU.ActiveCfg = Debug|Any CPU
		{59808935-74C9-4CD2-A73A-11CAE5B1DF4C}.Debug|Any CPU.Build.0 = Debug|Any CPU
		{59808935-74C9-4CD2-A73A-11CAE5B1DF4C}.Release|Any CPU.ActiveCfg = Release|Any CPU
		{59808935-74C9-4CD2-A73A-11CAE5B1DF4C}.Release|Any CPU.Build.0 = Release|Any CPU
		{5BF08CC1-FD71-4EB4-B79E-2D87ED841934}.Debug|Any CPU.ActiveCfg = Debug|Any CPU
		{5BF08CC1-FD71-4EB4-B79E-2D87ED841934}.Debug|Any CPU.Build.0 = Debug|Any CPU
		{5BF08CC1-FD71-4EB4-B79E-2D87ED841934}.Release|Any CPU.ActiveCfg = Release|Any CPU
		{5BF08CC1-FD71-4EB4-B79E-2D87ED841934}.Release|Any CPU.Build.0 = Release|Any CPU
		{3F1EC1AF-286B-42EE-8A96-7E5B0E911276}.Debug|Any CPU.ActiveCfg = Debug|Any CPU
		{3F1EC1AF-286B-42EE-8A96-7E5B0E911276}.Debug|Any CPU.Build.0 = Debug|Any CPU
		{3F1EC1AF-286B-42EE-8A96-7E5B0E911276}.Release|Any CPU.ActiveCfg = Release|Any CPU
		{3F1EC1AF-286B-42EE-8A96-7E5B0E911276}.Release|Any CPU.Build.0 = Release|Any CPU
	EndGlobalSection
	GlobalSection(SolutionProperties) = preSolution
		HideSolutionNode = FALSE
	EndGlobalSection
EndGlobal
